
Microsoft Visual Studio Solution File, Format Version 12.00
# Visual Studio Version 16
VisualStudioVersion = 16.0.30717.126
MinimumVisualStudioVersion = 10.0.40219.1
Project("{FAE04EC0-301F-11D3-BF4B-00C04F79EFBC}") = "SeleniumAssignment2024", "SeleniumAssignment2024\SeleniumAssignment2024.csproj", "{6A0251F4-7B0F-4BD8-AF5C-E114BBA6998C}"
EndProject
Global
	GlobalSection(SolutionConfigurationPlatforms) = preSolution
		Debug|Any CPU = Debug|Any CPU
		Release|Any CPU = Release|Any CPU
	EndGlobalSection
	GlobalSection(ProjectConfigurationPlatforms) = postSolution
		{6A0251F4-7B0F-4BD8-AF5C-E114BBA6998C}.Debug|Any CPU.ActiveCfg = Debug|Any CPU
		{6A0251F4-7B0F-4BD8-AF5C-E114BBA6998C}.Debug|Any CPU.Build.0 = Debug|Any CPU
		{6A0251F4-7B0F-4BD8-AF5C-E114BBA6998C}.Release|Any CPU.ActiveCfg = Release|Any CPU
		{6A0251F4-7B0F-4BD8-AF5C-E114BBA6998C}.Release|Any CPU.Build.0 = Release|Any CPU
	EndGlobalSection
	GlobalSection(SolutionProperties) = preSolution
		HideSolutionNode = FALSE
	EndGlobalSection
	GlobalSection(ExtensibilityGlobals) = postSolution
		SolutionGuid = {E88A5FBB-B5F3-495A-B73E-1C6E90F20230}
	EndGlobalSection
EndGlobal
